{
  "pins" : [
    {
      "identity" : "idd-log4-swift",
      "kind" : "remoteSourceControl",
      "location" : "https://github.com/kdeda/idd-log4-swift.git",
      "state" : {
        "revision" : "dd3f627957cdd97a58f032db114a71f4db21ef94",
        "version" : "2.0.1"
      }
    },
    {
      "identity" : "idd-zstd-swift",
      "kind" : "remoteSourceControl",
      "location" : "https://github.com/kdeda/idd-zstd-swift.git",
      "state" : {
        "revision" : "2c3da92c9953fa17a6d578691453c262f694c378",
        "version" : "2.0.1"
      }
    },
    {
      "identity" : "swift-crypto",
      "kind" : "remoteSourceControl",
      "location" : "https://github.com/apple/swift-crypto.git",
      "state" : {
        "revision" : "da0fe44138ab86e380f40a2acbd8a611b07d3f64",
        "version" : "2.4.0"
      }
    },
    {
      "identity" : "swift-log",
      "kind" : "remoteSourceControl",
      "location" : "https://github.com/apple/swift-log.git",
      "state" : {
        "revision" : "32e8d724467f8fe623624570367e3d50c5638e46",
        "version" : "1.5.2"
      }
    }
  ],
  "version" : 2
}
